
Microsoft Visual Studio Solution File, Format Version 12.00
# Visual Studio Version 17
VisualStudioVersion = 17.8.34322.80
MinimumVisualStudioVersion = 10.0.40219.1
Project("{FAE04EC0-301F-11D3-BF4B-00C04F79EFBC}") = "BWApp", "BWApp\BWApp.csproj", "{73F4A9D7-20F9-4361-84B9-92323808D8B7}"
EndProject
Project("{FAE04EC0-301F-11D3-BF4B-00C04F79EFBC}") = "BWApp.Client", "BWApp.Client\BWApp.Client.csproj", "{8CDE471B-9B6D-4544-BC1A-518DBDFDA890}"
EndProject
Global
	GlobalSection(SolutionConfigurationPlatforms) = preSolution
		Debug|Any CPU = Debug|Any CPU
		Release|Any CPU = Release|Any CPU
	EndGlobalSection
	GlobalSection(ProjectConfigurationPlatforms) = postSolution
		{73F4A9D7-20F9-4361-84B9-92323808D8B7}.Debug|Any CPU.ActiveCfg = Debug|Any CPU
		{73F4A9D7-20F9-4361-84B9-92323808D8B7}.Debug|Any CPU.Build.0 = Debug|Any CPU
		{73F4A9D7-20F9-4361-84B9-92323808D8B7}.Release|Any CPU.ActiveCfg = Release|Any CPU
		{73F4A9D7-20F9-4361-84B9-92323808D8B7}.Release|Any CPU.Build.0 = Release|Any CPU
		{8CDE471B-9B6D-4544-BC1A-518DBDFDA890}.Debug|Any CPU.ActiveCfg = Debug|Any CPU
		{8CDE471B-9B6D-4544-BC1A-518DBDFDA890}.Debug|Any CPU.Build.0 = Debug|Any CPU
		{8CDE471B-9B6D-4544-BC1A-518DBDFDA890}.Release|Any CPU.ActiveCfg = Release|Any CPU
		{8CDE471B-9B6D-4544-BC1A-518DBDFDA890}.Release|Any CPU.Build.0 = Release|Any CPU
	EndGlobalSection
	GlobalSection(SolutionProperties) = preSolution
		HideSolutionNode = FALSE
	EndGlobalSection
	GlobalSection(ExtensibilityGlobals) = postSolution
		SolutionGuid = {443097FD-937F-4E99-AD49-624B5A5A7A0A}
	EndGlobalSection
EndGlobal
